
Microsoft Visual Studio Solution File, Format Version 12.00
# Visual Studio Version 17
VisualStudioVersion = 17.13.35825.156 d17.13
MinimumVisualStudioVersion = 10.0.40219.1
Project("{FAE04EC0-301F-11D3-BF4B-00C04F79EFBC}") = "CIDemo-Team13", "CIDemo-Team13\CIDemo-Team13.csproj", "{E70B25D2-AFA9-40D8-A42B-440BA3551C96}"
EndProject
Project("{FAE04EC0-301F-11D3-BF4B-00C04F79EFBC}") = "CIDemo-Team13 xUnit test projekt", "CIDemo-Team13 xUnit test projekt\CIDemo-Team13 xUnit test projekt.csproj", "{BEA8E9DE-662E-40EA-A8A6-5C8FC95E7B78}"
EndProject
Global
	GlobalSection(SolutionConfigurationPlatforms) = preSolution
		Debug|Any CPU = Debug|Any CPU
		Release|Any CPU = Release|Any CPU
	EndGlobalSection
	GlobalSection(ProjectConfigurationPlatforms) = postSolution
		{E70B25D2-AFA9-40D8-A42B-440BA3551C96}.Debug|Any CPU.ActiveCfg = Debug|Any CPU
		{E70B25D2-AFA9-40D8-A42B-440BA3551C96}.Debug|Any CPU.Build.0 = Debug|Any CPU
		{E70B25D2-AFA9-40D8-A42B-440BA3551C96}.Release|Any CPU.ActiveCfg = Release|Any CPU
		{E70B25D2-AFA9-40D8-A42B-440BA3551C96}.Release|Any CPU.Build.0 = Release|Any CPU
		{BEA8E9DE-662E-40EA-A8A6-5C8FC95E7B78}.Debug|Any CPU.ActiveCfg = Debug|Any CPU
		{BEA8E9DE-662E-40EA-A8A6-5C8FC95E7B78}.Debug|Any CPU.Build.0 = Debug|Any CPU
		{BEA8E9DE-662E-40EA-A8A6-5C8FC95E7B78}.Release|Any CPU.ActiveCfg = Release|Any CPU
		{BEA8E9DE-662E-40EA-A8A6-5C8FC95E7B78}.Release|Any CPU.Build.0 = Release|Any CPU
	EndGlobalSection
	GlobalSection(SolutionProperties) = preSolution
		HideSolutionNode = FALSE
	EndGlobalSection
	GlobalSection(ExtensibilityGlobals) = postSolution
		SolutionGuid = {14C1FFA0-E68B-4A33-8EEA-A63812EC43C2}
	EndGlobalSection
EndGlobal
